
Microsoft Visual Studio Solution File, Format Version 12.00
# Visual Studio 2012
Project("{D954291E-2A0B-460D-934E-DC6B0785DB48}") = "PostIT", "PostIT\PostIT.shproj", "{74B25B62-9BCF-4EF6-9FCC-A470BA62B390}"
EndProject
Project("{FAE04EC0-301F-11D3-BF4B-00C04F79EFBC}") = "PostIT.iOS", "iOS\PostIT.iOS.csproj", "{7EE9B237-8003-47D8-B1A9-460052698CC9}"
EndProject
Project("{FAE04EC0-301F-11D3-BF4B-00C04F79EFBC}") = "PostIT.Droid", "Droid\PostIT.Droid.csproj", "{86BEDF64-48DB-4B1C-9D97-E8AFD3BA5F89}"
EndProject
Global
	GlobalSection(SolutionConfigurationPlatforms) = preSolution
		Debug|iPhoneSimulator = Debug|iPhoneSimulator
		Release|iPhone = Release|iPhone
		Release|iPhoneSimulator = Release|iPhoneSimulator
		Debug|iPhone = Debug|iPhone
		Debug|Any CPU = Debug|Any CPU
		Release|Any CPU = Release|Any CPU
	EndGlobalSection
	GlobalSection(ProjectConfigurationPlatforms) = postSolution
		{7EE9B237-8003-47D8-B1A9-460052698CC9}.Debug|iPhoneSimulator.ActiveCfg = Debug|iPhoneSimulator
		{7EE9B237-8003-47D8-B1A9-460052698CC9}.Debug|iPhoneSimulator.Build.0 = Debug|iPhoneSimulator
		{7EE9B237-8003-47D8-B1A9-460052698CC9}.Release|iPhone.ActiveCfg = Release|iPhone
		{7EE9B237-8003-47D8-B1A9-460052698CC9}.Release|iPhone.Build.0 = Release|iPhone
		{7EE9B237-8003-47D8-B1A9-460052698CC9}.Release|iPhoneSimulator.ActiveCfg = Release|iPhoneSimulator
		{7EE9B237-8003-47D8-B1A9-460052698CC9}.Release|iPhoneSimulator.Build.0 = Release|iPhoneSimulator
		{7EE9B237-8003-47D8-B1A9-460052698CC9}.Debug|iPhone.ActiveCfg = Debug|iPhone
		{7EE9B237-8003-47D8-B1A9-460052698CC9}.Debug|iPhone.Build.0 = Debug|iPhone
		{7EE9B237-8003-47D8-B1A9-460052698CC9}.Debug|Any CPU.ActiveCfg = Debug|iPhoneSimulator
		{7EE9B237-8003-47D8-B1A9-460052698CC9}.Debug|Any CPU.Build.0 = Debug|iPhoneSimulator
		{7EE9B237-8003-47D8-B1A9-460052698CC9}.Release|Any CPU.ActiveCfg = Release|iPhone
		{7EE9B237-8003-47D8-B1A9-460052698CC9}.Release|Any CPU.Build.0 = Release|iPhone
		{86BEDF64-48DB-4B1C-9D97-E8AFD3BA5F89}.Debug|iPhoneSimulator.ActiveCfg = Debug|Any CPU
		{86BEDF64-48DB-4B1C-9D97-E8AFD3BA5F89}.Debug|iPhoneSimulator.Build.0 = Debug|Any CPU
		{86BEDF64-48DB-4B1C-9D97-E8AFD3BA5F89}.Release|iPhone.ActiveCfg = Release|Any CPU
		{86BEDF64-48DB-4B1C-9D97-E8AFD3BA5F89}.Release|iPhone.Build.0 = Release|Any CPU
		{86BEDF64-48DB-4B1C-9D97-E8AFD3BA5F89}.Release|iPhoneSimulator.ActiveCfg = Release|Any CPU
		{86BEDF64-48DB-4B1C-9D97-E8AFD3BA5F89}.Release|iPhoneSimulator.Build.0 = Release|Any CPU
		{86BEDF64-48DB-4B1C-9D97-E8AFD3BA5F89}.Debug|iPhone.ActiveCfg = Debug|Any CPU
		{86BEDF64-48DB-4B1C-9D97-E8AFD3BA5F89}.Debug|iPhone.Build.0 = Debug|Any CPU
		{86BEDF64-48DB-4B1C-9D97-E8AFD3BA5F89}.Debug|Any CPU.ActiveCfg = Debug|Any CPU
		{86BEDF64-48DB-4B1C-9D97-E8AFD3BA5F89}.Debug|Any CPU.Build.0 = Debug|Any CPU
		{86BEDF64-48DB-4B1C-9D97-E8AFD3BA5F89}.Release|Any CPU.ActiveCfg = Release|Any CPU
		{86BEDF64-48DB-4B1C-9D97-E8AFD3BA5F89}.Release|Any CPU.Build.0 = Release|Any CPU
	EndGlobalSection
EndGlobal
