
Microsoft Visual Studio Solution File, Format Version 12.00
# Visual Studio 2012
Project("{FAE04EC0-301F-11D3-BF4B-00C04F79EFBC}") = "PostIt.FrontEnd", "PostIt.FrontEnd\PostIt.FrontEnd.csproj", "{27588B97-A88E-4A14-AD39-776D05ED02D4}"
EndProject
Project("{FAE04EC0-301F-11D3-BF4B-00C04F79EFBC}") = "PostIt.FrontEnd.iOS", "iOS\PostIt.FrontEnd.iOS.csproj", "{27C800CE-6669-4A5F-A096-3B9B730732B7}"
EndProject
Project("{FAE04EC0-301F-11D3-BF4B-00C04F79EFBC}") = "PostIt.FrontEnd.Droid", "Droid\PostIt.FrontEnd.Droid.csproj", "{BDC9678C-DC16-46BA-8939-A432120B6B39}"
EndProject
Global
	GlobalSection(SolutionConfigurationPlatforms) = preSolution
		Debug|Any CPU = Debug|Any CPU
		Release|Any CPU = Release|Any CPU
		Debug|iPhoneSimulator = Debug|iPhoneSimulator
		Release|iPhone = Release|iPhone
		Release|iPhoneSimulator = Release|iPhoneSimulator
		Debug|iPhone = Debug|iPhone
	EndGlobalSection
	GlobalSection(ProjectConfigurationPlatforms) = postSolution
		{27588B97-A88E-4A14-AD39-776D05ED02D4}.Debug|Any CPU.ActiveCfg = Debug|Any CPU
		{27588B97-A88E-4A14-AD39-776D05ED02D4}.Debug|Any CPU.Build.0 = Debug|Any CPU
		{27588B97-A88E-4A14-AD39-776D05ED02D4}.Release|Any CPU.ActiveCfg = Release|Any CPU
		{27588B97-A88E-4A14-AD39-776D05ED02D4}.Release|Any CPU.Build.0 = Release|Any CPU
		{27588B97-A88E-4A14-AD39-776D05ED02D4}.Debug|iPhoneSimulator.ActiveCfg = Debug|Any CPU
		{27588B97-A88E-4A14-AD39-776D05ED02D4}.Debug|iPhoneSimulator.Build.0 = Debug|Any CPU
		{27588B97-A88E-4A14-AD39-776D05ED02D4}.Release|iPhone.ActiveCfg = Release|Any CPU
		{27588B97-A88E-4A14-AD39-776D05ED02D4}.Release|iPhone.Build.0 = Release|Any CPU
		{27588B97-A88E-4A14-AD39-776D05ED02D4}.Release|iPhoneSimulator.ActiveCfg = Release|Any CPU
		{27588B97-A88E-4A14-AD39-776D05ED02D4}.Release|iPhoneSimulator.Build.0 = Release|Any CPU
		{27588B97-A88E-4A14-AD39-776D05ED02D4}.Debug|iPhone.ActiveCfg = Debug|Any CPU
		{27588B97-A88E-4A14-AD39-776D05ED02D4}.Debug|iPhone.Build.0 = Debug|Any CPU
		{27C800CE-6669-4A5F-A096-3B9B730732B7}.Debug|Any CPU.ActiveCfg = Debug|iPhoneSimulator
		{27C800CE-6669-4A5F-A096-3B9B730732B7}.Debug|Any CPU.Build.0 = Debug|iPhoneSimulator
		{27C800CE-6669-4A5F-A096-3B9B730732B7}.Release|Any CPU.ActiveCfg = Release|iPhone
		{27C800CE-6669-4A5F-A096-3B9B730732B7}.Release|Any CPU.Build.0 = Release|iPhone
		{27C800CE-6669-4A5F-A096-3B9B730732B7}.Debug|iPhoneSimulator.ActiveCfg = Debug|iPhoneSimulator
		{27C800CE-6669-4A5F-A096-3B9B730732B7}.Debug|iPhoneSimulator.Build.0 = Debug|iPhoneSimulator
		{27C800CE-6669-4A5F-A096-3B9B730732B7}.Release|iPhone.ActiveCfg = Release|iPhone
		{27C800CE-6669-4A5F-A096-3B9B730732B7}.Release|iPhone.Build.0 = Release|iPhone
		{27C800CE-6669-4A5F-A096-3B9B730732B7}.Release|iPhoneSimulator.ActiveCfg = Release|iPhoneSimulator
		{27C800CE-6669-4A5F-A096-3B9B730732B7}.Release|iPhoneSimulator.Build.0 = Release|iPhoneSimulator
		{27C800CE-6669-4A5F-A096-3B9B730732B7}.Debug|iPhone.ActiveCfg = Debug|iPhone
		{27C800CE-6669-4A5F-A096-3B9B730732B7}.Debug|iPhone.Build.0 = Debug|iPhone
		{BDC9678C-DC16-46BA-8939-A432120B6B39}.Debug|Any CPU.ActiveCfg = Debug|Any CPU
		{BDC9678C-DC16-46BA-8939-A432120B6B39}.Debug|Any CPU.Build.0 = Debug|Any CPU
		{BDC9678C-DC16-46BA-8939-A432120B6B39}.Release|Any CPU.ActiveCfg = Release|Any CPU
		{BDC9678C-DC16-46BA-8939-A432120B6B39}.Release|Any CPU.Build.0 = Release|Any CPU
		{BDC9678C-DC16-46BA-8939-A432120B6B39}.Debug|iPhoneSimulator.ActiveCfg = Debug|Any CPU
		{BDC9678C-DC16-46BA-8939-A432120B6B39}.Debug|iPhoneSimulator.Build.0 = Debug|Any CPU
		{BDC9678C-DC16-46BA-8939-A432120B6B39}.Release|iPhone.ActiveCfg = Release|Any CPU
		{BDC9678C-DC16-46BA-8939-A432120B6B39}.Release|iPhone.Build.0 = Release|Any CPU
		{BDC9678C-DC16-46BA-8939-A432120B6B39}.Release|iPhoneSimulator.ActiveCfg = Release|Any CPU
		{BDC9678C-DC16-46BA-8939-A432120B6B39}.Release|iPhoneSimulator.Build.0 = Release|Any CPU
		{BDC9678C-DC16-46BA-8939-A432120B6B39}.Debug|iPhone.ActiveCfg = Debug|Any CPU
		{BDC9678C-DC16-46BA-8939-A432120B6B39}.Debug|iPhone.Build.0 = Debug|Any CPU
	EndGlobalSection
EndGlobal
